// !$*UTF8*$!
{
	archiveVersion = 1;
	classes = {
	};
	objectVersion = 56;
	objects = {

/* Begin PBXBuildFile section */
		766781DD2AA42C6D00D2A156 /* Helper.swift in Sources */ = {isa = PBXBuildFile; fileRef = 766781DC2AA42C6D00D2A156 /* Helper.swift */; };
		766866122AA11EA7006310C5 /* ConfigurationViewController.swift in Sources */ = {isa = PBXBuildFile; fileRef = 766866112AA11EA7006310C5 /* ConfigurationViewController.swift */; };
		766866142AA132D0006310C5 /* HomeViewControllerDelegate.swift in Sources */ = {isa = PBXBuildFile; fileRef = 766866132AA132D0006310C5 /* HomeViewControllerDelegate.swift */; };
		76CF952C2A9FB7B200BD5358 /* AppDelegate.swift in Sources */ = {isa = PBXBuildFile; fileRef = 76CF952B2A9FB7B200BD5358 /* AppDelegate.swift */; };
		76CF952E2A9FB7B200BD5358 /* SceneDelegate.swift in Sources */ = {isa = PBXBuildFile; fileRef = 76CF952D2A9FB7B200BD5358 /* SceneDelegate.swift */; };
		76CF95302A9FB7B200BD5358 /* HomeViewController.swift in Sources */ = {isa = PBXBuildFile; fileRef = 76CF952F2A9FB7B200BD5358 /* HomeViewController.swift */; };
		76CF95332A9FB7B200BD5358 /* Main.storyboard in Resources */ = {isa = PBXBuildFile; fileRef = 76CF95312A9FB7B200BD5358 /* Main.storyboard */; };
		76CF95352A9FB7B400BD5358 /* Assets.xcassets in Resources */ = {isa = PBXBuildFile; fileRef = 76CF95342A9FB7B400BD5358 /* Assets.xcassets */; };
		76CF95382A9FB7B400BD5358 /* LaunchScreen.storyboard in Resources */ = {isa = PBXBuildFile; fileRef = 76CF95362A9FB7B400BD5358 /* LaunchScreen.storyboard */; };
/* End PBXBuildFile section */

/* Begin PBXFileReference section */
		766781DC2AA42C6D00D2A156 /* Helper.swift */ = {isa = PBXFileReference; lastKnownFileType = sourcecode.swift; path = Helper.swift; sourceTree = "<group>"; };
		766866112AA11EA7006310C5 /* ConfigurationViewController.swift */ = {isa = PBXFileReference; lastKnownFileType = sourcecode.swift; path = ConfigurationViewController.swift; sourceTree = "<group>"; };
		766866132AA132D0006310C5 /* HomeViewControllerDelegate.swift */ = {isa = PBXFileReference; lastKnownFileType = sourcecode.swift; path = HomeViewControllerDelegate.swift; sourceTree = "<group>"; };
		76CF95282A9FB7B200BD5358 /* Ponto Diario.app */ = {isa = PBXFileReference; explicitFileType = wrapper.application; includeInIndex = 0; path = "Ponto Diario.app"; sourceTree = BUILT_PRODUCTS_DIR; };
		76CF952B2A9FB7B200BD5358 /* AppDelegate.swift */ = {isa = PBXFileReference; lastKnownFileType = sourcecode.swift; path = AppDelegate.swift; sourceTree = "<group>"; };
		76CF952D2A9FB7B200BD5358 /* SceneDelegate.swift */ = {isa = PBXFileReference; lastKnownFileType = sourcecode.swift; path = SceneDelegate.swift; sourceTree = "<group>"; };
		76CF952F2A9FB7B200BD5358 /* HomeViewController.swift */ = {isa = PBXFileReference; lastKnownFileType = sourcecode.swift; path = HomeViewController.swift; sourceTree = "<group>"; };
		76CF95322A9FB7B200BD5358 /* Base */ = {isa = PBXFileReference; lastKnownFileType = file.storyboard; name = Base; path = Base.lproj/Main.storyboard; sourceTree = "<group>"; };
		76CF95342A9FB7B400BD5358 /* Assets.xcassets */ = {isa = PBXFileReference; lastKnownFileType = folder.assetcatalog; path = Assets.xcassets; sourceTree = "<group>"; };
		76CF95372A9FB7B400BD5358 /* Base */ = {isa = PBXFileReference; lastKnownFileType = file.storyboard; name = Base; path = Base.lproj/LaunchScreen.storyboard; sourceTree = "<group>"; };
		76CF95392A9FB7B400BD5358 /* Info.plist */ = {isa = PBXFileReference; lastKnownFileType = text.plist.xml; path = Info.plist; sourceTree = "<group>"; };
/* End PBXFileReference section */

/* Begin PBXFrameworksBuildPhase section */
		76CF95252A9FB7B200BD5358 /* Frameworks */ = {
			isa = PBXFrameworksBuildPhase;
			buildActionMask = 2147483647;
			files = (
			);
			runOnlyForDeploymentPostprocessing = 0;
		};
/* End PBXFrameworksBuildPhase section */

/* Begin PBXGroup section */
		76CF951F2A9FB7B200BD5358 = {
			isa = PBXGroup;
			children = (
				76CF952A2A9FB7B200BD5358 /* Ponto Diario */,
				76CF95292A9FB7B200BD5358 /* Products */,
			);
			sourceTree = "<group>";
		};
		76CF95292A9FB7B200BD5358 /* Products */ = {
			isa = PBXGroup;
			children = (
				76CF95282A9FB7B200BD5358 /* Ponto Diario.app */,
			);
			name = Products;
			sourceTree = "<group>";
		};
		76CF952A2A9FB7B200BD5358 /* Ponto Diario */ = {
			isa = PBXGroup;
			children = (
				76CF952B2A9FB7B200BD5358 /* AppDelegate.swift */,
				76CF952D2A9FB7B200BD5358 /* SceneDelegate.swift */,
				76CF952F2A9FB7B200BD5358 /* HomeViewController.swift */,
				766866112AA11EA7006310C5 /* ConfigurationViewController.swift */,
				76CF95312A9FB7B200BD5358 /* Main.storyboard */,
				76CF95342A9FB7B400BD5358 /* Assets.xcassets */,
				76CF95362A9FB7B400BD5358 /* LaunchScreen.storyboard */,
				76CF95392A9FB7B400BD5358 /* Info.plist */,
				766866132AA132D0006310C5 /* HomeViewControllerDelegate.swift */,
				766781DC2AA42C6D00D2A156 /* Helper.swift */,
			);
			path = "Ponto Diario";
			sourceTree = "<group>";
		};
/* End PBXGroup section */

/* Begin PBXNativeTarget section */
		76CF95272A9FB7B200BD5358 /* Ponto Diario */ = {
			isa = PBXNativeTarget;
			buildConfigurationList = 76CF953C2A9FB7B400BD5358 /* Build configuration list for PBXNativeTarget "Ponto Diario" */;
			buildPhases = (
				76CF95242A9FB7B200BD5358 /* Sources */,
				76CF95252A9FB7B200BD5358 /* Frameworks */,
				76CF95262A9FB7B200BD5358 /* Resources */,
			);
			buildRules = (
			);
			dependencies = (
			);
			name = "Ponto Diario";
			productName = "Ponto Diario";
			productReference = 76CF95282A9FB7B200BD5358 /* Ponto Diario.app */;
			productType = "com.apple.product-type.application";
		};
/* End PBXNativeTarget section */

/* Begin PBXProject section */
		76CF95202A9FB7B200BD5358 /* Project object */ = {
			isa = PBXProject;
			attributes = {
				BuildIndependentTargetsInParallel = 1;
				LastSwiftUpdateCheck = 1410;
				LastUpgradeCheck = 1410;
				TargetAttributes = {
					76CF95272A9FB7B200BD5358 = {
						CreatedOnToolsVersion = 14.1;
					};
				};
			};
			buildConfigurationList = 76CF95232A9FB7B200BD5358 /* Build configuration list for PBXProject "Ponto Diario" */;
			compatibilityVersion = "Xcode 14.0";
			developmentRegion = en;
			hasScannedForEncodings = 0;
			knownRegions = (
				en,
				Base,
			);
			mainGroup = 76CF951F2A9FB7B200BD5358;
			productRefGroup = 76CF95292A9FB7B200BD5358 /* Products */;
			projectDirPath = "";
			projectRoot = "";
			targets = (
				76CF95272A9FB7B200BD5358 /* Ponto Diario */,
			);
		};
/* End PBXProject section */

/* Begin PBXResourcesBuildPhase section */
		76CF95262A9FB7B200BD5358 /* Resources */ = {
			isa = PBXResourcesBuildPhase;
			buildActionMask = 2147483647;
			files = (
				76CF95382A9FB7B400BD5358 /* LaunchScreen.storyboard in Resources */,
				76CF95352A9FB7B400BD5358 /* Assets.xcassets in Resources */,
				76CF95332A9FB7B200BD5358 /* Main.storyboard in Resources */,
			);
			runOnlyForDeploymentPostprocessing = 0;
		};
/* End PBXResourcesBuildPhase section */

/* Begin PBXSourcesBuildPhase section */
		76CF95242A9FB7B200BD5358 /* Sources */ = {
			isa = PBXSourcesBuildPhase;
			buildActionMask = 2147483647;
			files = (
				76CF95302A9FB7B200BD5358 /* HomeViewController.swift in Sources */,
				766781DD2AA42C6D00D2A156 /* Helper.swift in Sources */,
				766866122AA11EA7006310C5 /* ConfigurationViewController.swift in Sources */,
				766866142AA132D0006310C5 /* HomeViewControllerDelegate.swift in Sources */,
				76CF952C2A9FB7B200BD5358 /* AppDelegate.swift in Sources */,
				76CF952E2A9FB7B200BD5358 /* SceneDelegate.swift in Sources */,
			);
			runOnlyForDeploymentPostprocessing = 0;
		};
/* End PBXSourcesBuildPhase section */

/* Begin PBXVariantGroup section */
		76CF95312A9FB7B200BD5358 /* Main.storyboard */ = {
			isa = PBXVariantGroup;
			children = (
				76CF95322A9FB7B200BD5358 /* Base */,
			);
			name = Main.storyboard;
			sourceTree = "<group>";
		};
		76CF95362A9FB7B400BD5358 /* LaunchScreen.storyboard */ = {
			isa = PBXVariantGroup;
			children = (
				76CF95372A9FB7B400BD5358 /* Base */,
			);
			name = LaunchScreen.storyboard;
			sourceTree = "<group>";
		};
/* End PBXVariantGroup section */

/* Begin XCBuildConfiguration section */
		76CF953A2A9FB7B400BD5358 /* Debug */ = {
			isa = XCBuildConfiguration;
			buildSettings = {
				ALWAYS_SEARCH_USER_PATHS = NO;
				CLANG_ANALYZER_NONNULL = YES;
				CLANG_ANALYZER_NUMBER_OBJECT_CONVERSION = YES_AGGRESSIVE;
				CLANG_CXX_LANGUAGE_STANDARD = "gnu++20";
				CLANG_ENABLE_MODULES = YES;
				CLANG_ENABLE_OBJC_ARC = YES;
				CLANG_ENABLE_OBJC_WEAK = YES;
				CLANG_WARN_BLOCK_CAPTURE_AUTORELEASING = YES;
				CLANG_WARN_BOOL_CONVERSION = YES;
				CLANG_WARN_COMMA = YES;
				CLANG_WARN_CONSTANT_CONVERSION = YES;
				CLANG_WARN_DEPRECATED_OBJC_IMPLEMENTATIONS = YES;
				CLANG_WARN_DIRECT_OBJC_ISA_USAGE = YES_ERROR;
				CLANG_WARN_DOCUMENTATION_COMMENTS = YES;
				CLANG_WARN_EMPTY_BODY = YES;
				CLANG_WARN_ENUM_CONVERSION = YES;
				CLANG_WARN_INFINITE_RECURSION = YES;
				CLANG_WARN_INT_CONVERSION = YES;
				CLANG_WARN_NON_LITERAL_NULL_CONVERSION = YES;
				CLANG_WARN_OBJC_IMPLICIT_RETAIN_SELF = YES;
				CLANG_WARN_OBJC_LITERAL_CONVERSION = YES;
				CLANG_WARN_OBJC_ROOT_CLASS = YES_ERROR;
				CLANG_WARN_QUOTED_INCLUDE_IN_FRAMEWORK_HEADER = YES;
				CLANG_WARN_RANGE_LOOP_ANALYSIS = YES;
				CLANG_WARN_STRICT_PROTOTYPES = YES;
				CLANG_WARN_SUSPICIOUS_MOVE = YES;
				CLANG_WARN_UNGUARDED_AVAILABILITY = YES_AGGRESSIVE;
				CLANG_WARN_UNREACHABLE_CODE = YES;
				CLANG_WARN__DUPLICATE_METHOD_MATCH = YES;
				COPY_PHASE_STRIP = NO;
				DEBUG_INFORMATION_FORMAT = dwarf;
				ENABLE_STRICT_OBJC_MSGSEND = YES;
				ENABLE_TESTABILITY = YES;
				GCC_C_LANGUAGE_STANDARD = gnu11;
				GCC_DYNAMIC_NO_PIC = NO;
				GCC_NO_COMMON_BLOCKS = YES;
				GCC_OPTIMIZATION_LEVEL = 0;
				GCC_PREPROCESSOR_DEFINITIONS = (
					"DEBUG=1",
					"$(inherited)",
				);
				GCC_WARN_64_TO_32_BIT_CONVERSION = YES;
				GCC_WARN_ABOUT_RETURN_TYPE = YES_ERROR;
				GCC_WARN_UNDECLARED_SELECTOR = YES;
				GCC_WARN_UNINITIALIZED_AUTOS = YES_AGGRESSIVE;
				GCC_WARN_UNUSED_FUNCTION = YES;
				GCC_WARN_UNUSED_VARIABLE = YES;
				IPHONEOS_DEPLOYMENT_TARGET = 16.1;
				MTL_ENABLE_DEBUG_INFO = INCLUDE_SOURCE;
				MTL_FAST_MATH = YES;
				ONLY_ACTIVE_ARCH = YES;
				SDKROOT = iphoneos;
				SWIFT_ACTIVE_COMPILATION_CONDITIONS = DEBUG;
				SWIFT_OPTIMIZATION_LEVEL = "-Onone";
			};
			name = Debug;
		};
		76CF953B2A9FB7B400BD5358 /* Release */ = {
			isa = XCBuildConfiguration;
			buildSettings = {
				ALWAYS_SEARCH_USER_PATHS = NO;
				CLANG_ANALYZER_NONNULL = YES;
				CLANG_ANALYZER_NUMBER_OBJECT_CONVERSION = YES_AGGRESSIVE;
				CLANG_CXX_LANGUAGE_STANDARD = "gnu++20";
				CLANG_ENABLE_MODULES = YES;
				CLANG_ENABLE_OBJC_ARC = YES;
				CLANG_ENABLE_OBJC_WEAK = YES;
				CLANG_WARN_BLOCK_CAPTURE_AUTORELEASING = YES;
				CLANG_WARN_BOOL_CONVERSION = YES;
				CLANG_WARN_COMMA = YES;
				CLANG_WARN_CONSTANT_CONVERSION = YES;
				CLANG_WARN_DEPRECATED_OBJC_IMPLEMENTATIONS = YES;
				CLANG_WARN_DIRECT_OBJC_ISA_USAGE = YES_ERROR;
				CLANG_WARN_DOCUMENTATION_COMMENTS = YES;
				CLANG_WARN_EMPTY_BODY = YES;
				CLANG_WARN_ENUM_CONVERSION = YES;
				CLANG_WARN_INFINITE_RECURSION = YES;
				CLANG_WARN_INT_CONVERSION = YES;
				CLANG_WARN_NON_LITERAL_NULL_CONVERSION = YES;
				CLANG_WARN_OBJC_IMPLICIT_RETAIN_SELF = YES;
				CLANG_WARN_OBJC_LITERAL_CONVERSION = YES;
				CLANG_WARN_OBJC_ROOT_CLASS = YES_ERROR;
				CLANG_WARN_QUOTED_INCLUDE_IN_FRAMEWORK_HEADER = YES;
				CLANG_WARN_RANGE_LOOP_ANALYSIS = YES;
				CLANG_WARN_STRICT_PROTOTYPES = YES;
				CLANG_WARN_SUSPICIOUS_MOVE = YES;
				CLANG_WARN_UNGUARDED_AVAILABILITY = YES_AGGRESSIVE;
				CLANG_WARN_UNREACHABLE_CODE = YES;
				CLANG_WARN__DUPLICATE_METHOD_MATCH = YES;
				COPY_PHASE_STRIP = NO;
				DEBUG_INFORMATION_FORMAT = "dwarf-with-dsym";
				ENABLE_NS_ASSERTIONS = NO;
				ENABLE_STRICT_OBJC_MSGSEND = YES;
				GCC_C_LANGUAGE_STANDARD = gnu11;
				GCC_NO_COMMON_BLOCKS = YES;
				GCC_WARN_64_TO_32_BIT_CONVERSION = YES;
				GCC_WARN_ABOUT_RETURN_TYPE = YES_ERROR;
				GCC_WARN_UNDECLARED_SELECTOR = YES;
				GCC_WARN_UNINITIALIZED_AUTOS = YES_AGGRESSIVE;
				GCC_WARN_UNUSED_FUNCTION = YES;
				GCC_WARN_UNUSED_VARIABLE = YES;
				IPHONEOS_DEPLOYMENT_TARGET = 16.1;
				MTL_ENABLE_DEBUG_INFO = NO;
				MTL_FAST_MATH = YES;
				SDKROOT = iphoneos;
				SWIFT_COMPILATION_MODE = wholemodule;
				SWIFT_OPTIMIZATION_LEVEL = "-O";
				VALIDATE_PRODUCT = YES;
			};
			name = Release;
		};
		76CF953D2A9FB7B400BD5358 /* Debug */ = {
			isa = XCBuildConfiguration;
			buildSettings = {
				ASSETCATALOG_COMPILER_APPICON_NAME = AppIcon;
				ASSETCATALOG_COMPILER_GLOBAL_ACCENT_COLOR_NAME = AccentColor;
				CODE_SIGN_STYLE = Automatic;
				CURRENT_PROJECT_VERSION = 1;
				GENERATE_INFOPLIST_FILE = YES;
				INFOPLIST_FILE = "Ponto Diario/Info.plist";
				INFOPLIST_KEY_UIApplicationSupportsIndirectInputEvents = YES;
				INFOPLIST_KEY_UILaunchStoryboardName = LaunchScreen;
				INFOPLIST_KEY_UIMainStoryboardFile = Main;
				INFOPLIST_KEY_UISupportedInterfaceOrientations_iPad = "UIInterfaceOrientationPortrait UIInterfaceOrientationPortraitUpsideDown UIInterfaceOrientationLandscapeLeft UIInterfaceOrientationLandscapeRight";
				INFOPLIST_KEY_UISupportedInterfaceOrientations_iPhone = "UIInterfaceOrientationPortrait UIInterfaceOrientationLandscapeLeft UIInterfaceOrientationLandscapeRight";
				LD_RUNPATH_SEARCH_PATHS = (
					"$(inherited)",
					"@executable_path/Frameworks",
				);
				MARKETING_VERSION = 1.0;
				PRODUCT_BUNDLE_IDENTIFIER = "com.berchon.Ponto-Diario";
				PRODUCT_NAME = "$(TARGET_NAME)";
				SWIFT_EMIT_LOC_STRINGS = YES;
				SWIFT_VERSION = 5.0;
				TARGETED_DEVICE_FAMILY = "1,2";
			};
			name = Debug;
		};
		76CF953E2A9FB7B400BD5358 /* Release */ = {
			isa = XCBuildConfiguration;
			buildSettings = {
				ASSETCATALOG_COMPILER_APPICON_NAME = AppIcon;
				ASSETCATALOG_COMPILER_GLOBAL_ACCENT_COLOR_NAME = AccentColor;
				CODE_SIGN_STYLE = Automatic;
				CURRENT_PROJECT_VERSION = 1;
				GENERATE_INFOPLIST_FILE = YES;
				INFOPLIST_FILE = "Ponto Diario/Info.plist";
				INFOPLIST_KEY_UIApplicationSupportsIndirectInputEvents = YES;
				INFOPLIST_KEY_UILaunchStoryboardName = LaunchScreen;
				INFOPLIST_KEY_UIMainStoryboardFile = Main;
				INFOPLIST_KEY_UISupportedInterfaceOrientations_iPad = "UIInterfaceOrientationPortrait UIInterfaceOrientationPortraitUpsideDown UIInterfaceOrientationLandscapeLeft UIInterfaceOrientationLandscapeRight";
				INFOPLIST_KEY_UISupportedInterfaceOrientations_iPhone = "UIInterfaceOrientationPortrait UIInterfaceOrientationLandscapeLeft UIInterfaceOrientationLandscapeRight";
				LD_RUNPATH_SEARCH_PATHS = (
					"$(inherited)",
					"@executable_path/Frameworks",
				);
				MARKETING_VERSION = 1.0;
				PRODUCT_BUNDLE_IDENTIFIER = "com.berchon.Ponto-Diario";
				PRODUCT_NAME = "$(TARGET_NAME)";
				SWIFT_EMIT_LOC_STRINGS = YES;
				SWIFT_VERSION = 5.0;
				TARGETED_DEVICE_FAMILY = "1,2";
			};
			name = Release;
		};
/* End XCBuildConfiguration section */

/* Begin XCConfigurationList section */
		76CF95232A9FB7B200BD5358 /* Build configuration list for PBXProject "Ponto Diario" */ = {
			isa = XCConfigurationList;
			buildConfigurations = (
				76CF953A2A9FB7B400BD5358 /* Debug */,
				76CF953B2A9FB7B400BD5358 /* Release */,
			);
			defaultConfigurationIsVisible = 0;
			defaultConfigurationName = Release;
		};
		76CF953C2A9FB7B400BD5358 /* Build configuration list for PBXNativeTarget "Ponto Diario" */ = {
			isa = XCConfigurationList;
			buildConfigurations = (
				76CF953D2A9FB7B400BD5358 /* Debug */,
				76CF953E2A9FB7B400BD5358 /* Release */,
			);
			defaultConfigurationIsVisible = 0;
			defaultConfigurationName = Release;
		};
/* End XCConfigurationList section */
	};
	rootObject = 76CF95202A9FB7B200BD5358 /* Project object */;
}
